
Microsoft Visual Studio Solution File, Format Version 12.00
# Visual Studio Version 17
VisualStudioVersion = 17.7.34018.315
MinimumVisualStudioVersion = 10.0.40219.1
Project("{9A19103F-16F7-4668-BE54-9A1E7A4F7556}") = "Subtitute", "Subtitute\Subtitute.csproj", "{8DFCCB48-1B67-4ECB-AD7C-55EF18823E01}"
EndProject
Project("{9A19103F-16F7-4668-BE54-9A1E7A4F7556}") = "SubtituteBL", "SubtituteBL\SubtituteBL.csproj", "{2A83391F-8F52-4B6B-9FAE-5D2E49898EB1}"
EndProject
Project("{9A19103F-16F7-4668-BE54-9A1E7A4F7556}") = "SubtituteDL", "SubtituteDL\SubtituteDL.csproj", "{050D0EB0-3C66-47C1-962D-AB50CD45C77E}"
EndProject
Project("{FAE04EC0-301F-11D3-BF4B-00C04F79EFBC}") = "SubtituteDTO", "SubtituteDTO\SubtituteDTO.csproj", "{079FA6C5-B921-4031-AD50-1557EF12E67A}"
EndProject
Global
	GlobalSection(SolutionConfigurationPlatforms) = preSolution
		Debug|Any CPU = Debug|Any CPU
		Release|Any CPU = Release|Any CPU
	EndGlobalSection
	GlobalSection(ProjectConfigurationPlatforms) = postSolution
		{8DFCCB48-1B67-4ECB-AD7C-55EF18823E01}.Debug|Any CPU.ActiveCfg = Debug|Any CPU
		{8DFCCB48-1B67-4ECB-AD7C-55EF18823E01}.Debug|Any CPU.Build.0 = Debug|Any CPU
		{8DFCCB48-1B67-4ECB-AD7C-55EF18823E01}.Release|Any CPU.ActiveCfg = Release|Any CPU
		{8DFCCB48-1B67-4ECB-AD7C-55EF18823E01}.Release|Any CPU.Build.0 = Release|Any CPU
		{2A83391F-8F52-4B6B-9FAE-5D2E49898EB1}.Debug|Any CPU.ActiveCfg = Debug|Any CPU
		{2A83391F-8F52-4B6B-9FAE-5D2E49898EB1}.Debug|Any CPU.Build.0 = Debug|Any CPU
		{2A83391F-8F52-4B6B-9FAE-5D2E49898EB1}.Release|Any CPU.ActiveCfg = Release|Any CPU
		{2A83391F-8F52-4B6B-9FAE-5D2E49898EB1}.Release|Any CPU.Build.0 = Release|Any CPU
		{050D0EB0-3C66-47C1-962D-AB50CD45C77E}.Debug|Any CPU.ActiveCfg = Debug|Any CPU
		{050D0EB0-3C66-47C1-962D-AB50CD45C77E}.Debug|Any CPU.Build.0 = Debug|Any CPU
		{050D0EB0-3C66-47C1-962D-AB50CD45C77E}.Release|Any CPU.ActiveCfg = Release|Any CPU
		{050D0EB0-3C66-47C1-962D-AB50CD45C77E}.Release|Any CPU.Build.0 = Release|Any CPU
		{079FA6C5-B921-4031-AD50-1557EF12E67A}.Debug|Any CPU.ActiveCfg = Debug|Any CPU
		{079FA6C5-B921-4031-AD50-1557EF12E67A}.Debug|Any CPU.Build.0 = Debug|Any CPU
		{079FA6C5-B921-4031-AD50-1557EF12E67A}.Release|Any CPU.ActiveCfg = Release|Any CPU
		{079FA6C5-B921-4031-AD50-1557EF12E67A}.Release|Any CPU.Build.0 = Release|Any CPU
	EndGlobalSection
	GlobalSection(SolutionProperties) = preSolution
		HideSolutionNode = FALSE
	EndGlobalSection
	GlobalSection(ExtensibilityGlobals) = postSolution
		SolutionGuid = {FC743321-ED8E-40A9-AFA1-D6C00D3ED110}
	EndGlobalSection
EndGlobal
